// !$*UTF8*$!
{
	archiveVersion = 1;
	classes = {
	};
	objectVersion = 46;
	objects = {

/* Begin PBXBuildFile section */
		AA4B3C4D5E6F7A8B9C0D1E2F /* CAL0q31UITests.swift in Sources */ = {isa = PBXBuildFile; fileRef = AB4B3C4D5E6F7A8B9C0D1E2F /* CAL0q31UITests.swift */; };
		CC4B3C4D5E6F7A8B9C0D1E2F /* CAL0q32UITests.swift in Sources */ = {isa = PBXBuildFile; fileRef = CD4B3C4D5E6F7A8B9C0D1E2F /* CAL0q32UITests.swift */; };
		03A9624B3F37A6C9AD89E4D0 /* CalendarioApp.swift in Sources */ = {isa = PBXBuildFile; fileRef = 560609AFF0F9B04159E5A397 /* CalendarioApp.swift */; };
		31E8DB2CC7C2A196C7ACCD98 /* CALsue1ScenarioTests.swift in Sources */ = {isa = PBXBuildFile; fileRef = 14230672672F95C1E9D9C0CD /* CALsue1ScenarioTests.swift */; };
		F9B2C0D14E8AB12345678901 /* CALsue3ScenarioTests.swift in Sources */ = {isa = PBXBuildFile; fileRef = E7A3F9B2C0D14E8AB1234567 /* CALsue3ScenarioTests.swift */; };
		5331DABF246087AAA9222708 /* Foundation.framework in Frameworks */ = {isa = PBXBuildFile; fileRef = 55FBC385BF6EEC4C9A65CDCA /* Foundation.framework */; };
		6C04CA0D7C196782CCBA843D /* SharedConstants.swift in Sources */ = {isa = PBXBuildFile; fileRef = A3FD4EEAC6107E77BFB874AC /* SharedConstants.swift */; };
		7A1E0CEBCF1DDF73D984D3F3 /* CalendarioWidget.swift in Sources */ = {isa = PBXBuildFile; fileRef = A833F7ED49112F4C0D14B7CE /* CalendarioWidget.swift */; };
		7D2752B12FAD37D24D6DFEF3 /* CalendarioWidgetBundle.swift in Sources */ = {isa = PBXBuildFile; fileRef = 8FCC5C9656F6DA0D3F495E27 /* CalendarioWidgetBundle.swift */; };
		834B98D16E8BFE6305D2BEE4 /* CalendarioWidget.appex in Embed Foundation Extensions */ = {isa = PBXBuildFile; fileRef = D30B1406E1503531D5CEE812 /* CalendarioWidget.appex */; settings = {ATTRIBUTES = (RemoveHeadersOnCopy, ); }; };
		B9B4C1B05E97802C88147447 /* Foundation.framework in Frameworks */ = {isa = PBXBuildFile; fileRef = 55FBC385BF6EEC4C9A65CDCA /* Foundation.framework */; };
		BB45DE5BB9F7912B175A2BD3 /* ContentView.swift in Sources */ = {isa = PBXBuildFile; fileRef = FF8F60F6E225C5E41D3E4392 /* ContentView.swift */; };
		D572C7375B8B4DB498E84482 /* SharedConstants.swift in Sources */ = {isa = PBXBuildFile; fileRef = A3FD4EEAC6107E77BFB874AC /* SharedConstants.swift */; };
		FD530F06216062B6D8A3758D /* Foundation.framework in Frameworks */ = {isa = PBXBuildFile; fileRef = 55FBC385BF6EEC4C9A65CDCA /* Foundation.framework */; };
		05B3D7656450415EB27078C0 /* WidgetConfigStore.swift in Sources */ = {isa = PBXBuildFile; fileRef = 9B771D8BD9BD4F5C8D94D565 /* WidgetConfigStore.swift */; };
		102D4E2490184D3DB55BD642 /* Models.swift in Sources */ = {isa = PBXBuildFile; fileRef = 7E91D61BE49A4FBE95D4B1D1 /* Models.swift */; };
		4AE59248DDC94ABDA4DE0F08 /* WidgetConfigStore.swift in Sources */ = {isa = PBXBuildFile; fileRef = 9B771D8BD9BD4F5C8D94D565 /* WidgetConfigStore.swift */; };
		5E61BCAFDAE74F47B5AA5F6D /* WidgetConfigStore.swift in Sources */ = {isa = PBXBuildFile; fileRef = 9B771D8BD9BD4F5C8D94D565 /* WidgetConfigStore.swift */; };
		8F2A3B4C5D6E7F8A9B0C1D2E /* SharedConstants.swift in Sources */ = {isa = PBXBuildFile; fileRef = A3FD4EEAC6107E77BFB874AC /* SharedConstants.swift */; };
		C408DC4F69D2421DB01ADD2E /* Models.swift in Sources */ = {isa = PBXBuildFile; fileRef = 7E91D61BE49A4FBE95D4B1D1 /* Models.swift */; };
		D6DFC736C9234080BC7AC35E /* Models.swift in Sources */ = {isa = PBXBuildFile; fileRef = 7E91D61BE49A4FBE95D4B1D1 /* Models.swift */; };
		DD1B2C3D4E5F6A7B8C9D0E1F /* WidgetConfigEntity.swift in Sources */ = {isa = PBXBuildFile; fileRef = AA1B2C3D4E5F6A7B8C9D0E1F /* WidgetConfigEntity.swift */; };
		EE1B2C3D4E5F6A7B8C9D0E1F /* ConfigurationAppIntent.swift in Sources */ = {isa = PBXBuildFile; fileRef = BB1B2C3D4E5F6A7B8C9D0E1F /* ConfigurationAppIntent.swift */; };
		FF1B2C3D4E5F6A7B8C9D0E1F /* CALsue4ScenarioTests.swift in Sources */ = {isa = PBXBuildFile; fileRef = CC1B2C3D4E5F6A7B8C9D0E1F /* CALsue4ScenarioTests.swift */; };
		A1B2C3D4E5F6A7B8C9D0E1F2 /* ConfigListView.swift in Sources */ = {isa = PBXBuildFile; fileRef = B1C2D3E4F5A6B7C8D9E0F1A2 /* ConfigListView.swift */; };
		C3D4E5F6A7B8C9D0E1F2A3B4 /* ConfigFormView.swift in Sources */ = {isa = PBXBuildFile; fileRef = D4E5F6A7B8C9D0E1F2A3B4C5 /* ConfigFormView.swift */; };
		E5F6A7B8C9D0E1F2A3B4C5D6 /* CAL0q31ScenarioTests.swift in Sources */ = {isa = PBXBuildFile; fileRef = F6A7B8C9D0E1F2A3B4C5D6E7 /* CAL0q31ScenarioTests.swift */; };
		B91B2C3D4E5F6A7B8C9D0E1F /* CAL0q35ScenarioTests.swift in Sources */ = {isa = PBXBuildFile; fileRef = A91B2C3D4E5F6A7B8C9D0E1F /* CAL0q35ScenarioTests.swift */; };
		BC1B2C3D4E5F6A7B8C9D0E1F /* CalendarPermissionManager.swift in Sources */ = {isa = PBXBuildFile; fileRef = AC1B2C3D4E5F6A7B8C9D0E1F /* CalendarPermissionManager.swift */; };
		AD1B2C3D4E5F6A7B8C9D0E1F /* CAL0q32ScenarioTests.swift in Sources */ = {isa = PBXBuildFile; fileRef = AE1B2C3D4E5F6A7B8C9D0E1F /* CAL0q32ScenarioTests.swift */; };
		BD1B2C3D4E5F6A7B8C9D0E1F /* EventFetcher.swift in Sources */ = {isa = PBXBuildFile; fileRef = AE2B3C4D5E6F7A8B9C0D1E2F /* EventFetcher.swift */; };
		ED1B2C3D4E5F6A7B8C9D0E1F /* CalendarEntry.swift in Sources */ = {isa = PBXBuildFile; fileRef = CD1B2C3D4E5F6A7B8C9D0E1F /* CalendarEntry.swift */; };
		FD1B2C3D4E5F6A7B8C9D0E1F /* CAL0q33ScenarioTests.swift in Sources */ = {isa = PBXBuildFile; fileRef = 1E2F3A4B5C6D7E8F9A0B1C2D /* CAL0q33ScenarioTests.swift */; };
		A1B2C3D4E5F6070809AABB01 /* EventRowView.swift in Sources */ = {isa = PBXBuildFile; fileRef = B1C2D3E4F5A607080910AABB /* EventRowView.swift */; };
		A1B2C3D4E5F6070809AABB02 /* SmallWidgetView.swift in Sources */ = {isa = PBXBuildFile; fileRef = B1C2D3E4F5A607080910AABC /* SmallWidgetView.swift */; };
		A1B2C3D4E5F6070809AABB03 /* MediumWidgetView.swift in Sources */ = {isa = PBXBuildFile; fileRef = B1C2D3E4F5A607080910AABD /* MediumWidgetView.swift */; };
		A1B2C3D4E5F6070809AABB04 /* LargeWidgetView.swift in Sources */ = {isa = PBXBuildFile; fileRef = B1C2D3E4F5A607080910AABE /* LargeWidgetView.swift */; };
		A1B2C3D4E5F6070809AABB05 /* ExtraLargeWidgetView.swift in Sources */ = {isa = PBXBuildFile; fileRef = B1C2D3E4F5A607080910AABF /* ExtraLargeWidgetView.swift */; };
		A1B2C3D4E5F6070809AABB06 /* CAL0q34ScenarioTests.swift in Sources */ = {isa = PBXBuildFile; fileRef = B1C2D3E4F5A607080910AAC0 /* CAL0q34ScenarioTests.swift */; };
		BE1B2C3D4E5F6A7B8C9D0E1F /* CAL0q37ScenarioTests.swift in Sources */ = {isa = PBXBuildFile; fileRef = CF1B2C3D4E5F6A7B8C9D0E1F /* CAL0q37ScenarioTests.swift */; };
		EF1B2C3D4E5F6A7B8C9D0E1F /* CAL0q36ScenarioTests.swift in Sources */ = {isa = PBXBuildFile; fileRef = DF1B2C3D4E5F6A7B8C9D0E1F /* CAL0q36ScenarioTests.swift */; };
	/* End PBXBuildFile section */

/* Begin PBXContainerItemProxy section */
		75E18FF2ADAFCD4E2B9F5157 /* PBXContainerItemProxy */ = {
			isa = PBXContainerItemProxy;
			containerPortal = 068E1379B70C995A4276612B /* Project object */;
			proxyType = 1;
			remoteGlobalIDString = 556A156F78AF513A03214F91;
			remoteInfo = Calendario;
		};
		DD3B3C4D5E6F7A8B9C0D1E2F /* PBXContainerItemProxy */ = {
			isa = PBXContainerItemProxy;
			containerPortal = 068E1379B70C995A4276612B /* Project object */;
			proxyType = 1;
			remoteGlobalIDString = 556A156F78AF513A03214F91;
			remoteInfo = Calendario;
		};
/* End PBXContainerItemProxy section */

/* Begin PBXCopyFilesBuildPhase section */
		70311E321CA6B8B630E55F09 /* Embed Foundation Extensions */ = {
			isa = PBXCopyFilesBuildPhase;
			buildActionMask = 2147483647;
			dstPath = "";
			dstSubfolderSpec = 13;
			files = (
				834B98D16E8BFE6305D2BEE4 /* CalendarioWidget.appex in Embed Foundation Extensions */,
			);
			name = "Embed Foundation Extensions";
			runOnlyForDeploymentPostprocessing = 0;
		};
/* End PBXCopyFilesBuildPhase section */

/* Begin PBXFileReference section */
		069C3B3DDC7227969DB385A2 /* CalendarioTests.xctest */ = {isa = PBXFileReference; explicitFileType = wrapper.cfbundle; includeInIndex = 0; path = CalendarioTests.xctest; sourceTree = BUILT_PRODUCTS_DIR; };
		AA2B3C4D5E6F7A8B9C0D1E2F /* CalendarioUITests.xctest */ = {isa = PBXFileReference; explicitFileType = wrapper.cfbundle; includeInIndex = 0; path = CalendarioUITests.xctest; sourceTree = BUILT_PRODUCTS_DIR; };
		AB4B3C4D5E6F7A8B9C0D1E2F /* CAL0q31UITests.swift */ = {isa = PBXFileReference; includeInIndex = 1; lastKnownFileType = sourcecode.swift; path = CAL0q31UITests.swift; sourceTree = "<group>"; };
		CD4B3C4D5E6F7A8B9C0D1E2F /* CAL0q32UITests.swift */ = {isa = PBXFileReference; includeInIndex = 1; lastKnownFileType = sourcecode.swift; path = CAL0q32UITests.swift; sourceTree = "<group>"; };
		14230672672F95C1E9D9C0CD /* CALsue1ScenarioTests.swift */ = {isa = PBXFileReference; includeInIndex = 1; lastKnownFileType = sourcecode.swift; path = CALsue1ScenarioTests.swift; sourceTree = "<group>"; };
		E7A3F9B2C0D14E8AB1234567 /* CALsue3ScenarioTests.swift */ = {isa = PBXFileReference; includeInIndex = 1; lastKnownFileType = sourcecode.swift; path = CALsue3ScenarioTests.swift; sourceTree = "<group>"; };
		2C0DD4B4C9CE111FAFC680C9 /* CalendarioWidget.entitlements */ = {isa = PBXFileReference; includeInIndex = 1; lastKnownFileType = text.plist.entitlements; path = CalendarioWidget.entitlements; sourceTree = "<group>"; };
		55FBC385BF6EEC4C9A65CDCA /* Foundation.framework */ = {isa = PBXFileReference; lastKnownFileType = wrapper.framework; name = Foundation.framework; path = Platforms/iPhoneOS.platform/Developer/SDKs/iPhoneOS18.0.sdk/System/Library/Frameworks/Foundation.framework; sourceTree = DEVELOPER_DIR; };
		560609AFF0F9B04159E5A397 /* CalendarioApp.swift */ = {isa = PBXFileReference; includeInIndex = 1; lastKnownFileType = sourcecode.swift; path = CalendarioApp.swift; sourceTree = "<group>"; };
		810B3796140E31165F4C22A3 /* Info.plist */ = {isa = PBXFileReference; includeInIndex = 1; lastKnownFileType = text.plist.xml; path = Info.plist; sourceTree = "<group>"; };
		8FCC5C9656F6DA0D3F495E27 /* CalendarioWidgetBundle.swift */ = {isa = PBXFileReference; includeInIndex = 1; lastKnownFileType = sourcecode.swift; path = CalendarioWidgetBundle.swift; sourceTree = "<group>"; };
		A3FD4EEAC6107E77BFB874AC /* SharedConstants.swift */ = {isa = PBXFileReference; includeInIndex = 1; lastKnownFileType = sourcecode.swift; name = SharedConstants.swift; path = ../Shared/SharedConstants.swift; sourceTree = "<group>"; };
		A833F7ED49112F4C0D14B7CE /* CalendarioWidget.swift */ = {isa = PBXFileReference; includeInIndex = 1; lastKnownFileType = sourcecode.swift; path = CalendarioWidget.swift; sourceTree = "<group>"; };
		D30B1406E1503531D5CEE812 /* CalendarioWidget.appex */ = {isa = PBXFileReference; explicitFileType = "wrapper.app-extension"; includeInIndex = 0; path = CalendarioWidget.appex; sourceTree = BUILT_PRODUCTS_DIR; };
		EA98274D0106940E806C5673 /* Calendario.entitlements */ = {isa = PBXFileReference; includeInIndex = 1; lastKnownFileType = text.plist.entitlements; path = Calendario.entitlements; sourceTree = "<group>"; };
		F714B02BC1F07883D4B273B6 /* Calendario.app */ = {isa = PBXFileReference; explicitFileType = wrapper.application; includeInIndex = 0; path = Calendario.app; sourceTree = BUILT_PRODUCTS_DIR; };
		FF8F60F6E225C5E41D3E4392 /* ContentView.swift */ = {isa = PBXFileReference; includeInIndex = 1; lastKnownFileType = sourcecode.swift; path = ContentView.swift; sourceTree = "<group>"; };
		7E91D61BE49A4FBE95D4B1D1 /* Models.swift */ = {isa = PBXFileReference; includeInIndex = 1; lastKnownFileType = sourcecode.swift; name = Models.swift; path = ../Shared/Models.swift; sourceTree = "<group>"; };
		9B771D8BD9BD4F5C8D94D565 /* WidgetConfigStore.swift */ = {isa = PBXFileReference; includeInIndex = 1; lastKnownFileType = sourcecode.swift; name = WidgetConfigStore.swift; path = ../Shared/WidgetConfigStore.swift; sourceTree = "<group>"; };
		AA1B2C3D4E5F6A7B8C9D0E1F /* WidgetConfigEntity.swift */ = {isa = PBXFileReference; includeInIndex = 1; lastKnownFileType = sourcecode.swift; path = WidgetConfigEntity.swift; sourceTree = "<group>"; };
		BB1B2C3D4E5F6A7B8C9D0E1F /* ConfigurationAppIntent.swift */ = {isa = PBXFileReference; includeInIndex = 1; lastKnownFileType = sourcecode.swift; path = ConfigurationAppIntent.swift; sourceTree = "<group>"; };
		CC1B2C3D4E5F6A7B8C9D0E1F /* CALsue4ScenarioTests.swift */ = {isa = PBXFileReference; includeInIndex = 1; lastKnownFileType = sourcecode.swift; path = CALsue4ScenarioTests.swift; sourceTree = "<group>"; };
		B1C2D3E4F5A6B7C8D9E0F1A2 /* ConfigListView.swift */ = {isa = PBXFileReference; includeInIndex = 1; lastKnownFileType = sourcecode.swift; path = ConfigListView.swift; sourceTree = "<group>"; };
		D4E5F6A7B8C9D0E1F2A3B4C5 /* ConfigFormView.swift */ = {isa = PBXFileReference; includeInIndex = 1; lastKnownFileType = sourcecode.swift; path = ConfigFormView.swift; sourceTree = "<group>"; };
		F6A7B8C9D0E1F2A3B4C5D6E7 /* CAL0q31ScenarioTests.swift */ = {isa = PBXFileReference; includeInIndex = 1; lastKnownFileType = sourcecode.swift; path = CAL0q31ScenarioTests.swift; sourceTree = "<group>"; };
		A91B2C3D4E5F6A7B8C9D0E1F /* CAL0q35ScenarioTests.swift */ = {isa = PBXFileReference; includeInIndex = 1; lastKnownFileType = sourcecode.swift; path = CAL0q35ScenarioTests.swift; sourceTree = "<group>"; };
		AC1B2C3D4E5F6A7B8C9D0E1F /* CalendarPermissionManager.swift */ = {isa = PBXFileReference; includeInIndex = 1; lastKnownFileType = sourcecode.swift; path = CalendarPermissionManager.swift; sourceTree = "<group>"; };
		AE1B2C3D4E5F6A7B8C9D0E1F /* CAL0q32ScenarioTests.swift */ = {isa = PBXFileReference; includeInIndex = 1; lastKnownFileType = sourcecode.swift; path = CAL0q32ScenarioTests.swift; sourceTree = "<group>"; };
		AE2B3C4D5E6F7A8B9C0D1E2F /* EventFetcher.swift */ = {isa = PBXFileReference; includeInIndex = 1; lastKnownFileType = sourcecode.swift; path = EventFetcher.swift; sourceTree = "<group>"; };
		CD1B2C3D4E5F6A7B8C9D0E1F /* CalendarEntry.swift */ = {isa = PBXFileReference; includeInIndex = 1; lastKnownFileType = sourcecode.swift; path = CalendarEntry.swift; sourceTree = "<group>"; };
		1E2F3A4B5C6D7E8F9A0B1C2D /* CAL0q33ScenarioTests.swift */ = {isa = PBXFileReference; includeInIndex = 1; lastKnownFileType = sourcecode.swift; path = CAL0q33ScenarioTests.swift; sourceTree = "<group>"; };
		B1C2D3E4F5A607080910AABB /* EventRowView.swift */ = {isa = PBXFileReference; includeInIndex = 1; lastKnownFileType = sourcecode.swift; path = EventRowView.swift; sourceTree = "<group>"; };
		B1C2D3E4F5A607080910AABC /* SmallWidgetView.swift */ = {isa = PBXFileReference; includeInIndex = 1; lastKnownFileType = sourcecode.swift; path = SmallWidgetView.swift; sourceTree = "<group>"; };
		B1C2D3E4F5A607080910AABD /* MediumWidgetView.swift */ = {isa = PBXFileReference; includeInIndex = 1; lastKnownFileType = sourcecode.swift; path = MediumWidgetView.swift; sourceTree = "<group>"; };
		B1C2D3E4F5A607080910AABE /* LargeWidgetView.swift */ = {isa = PBXFileReference; includeInIndex = 1; lastKnownFileType = sourcecode.swift; path = LargeWidgetView.swift; sourceTree = "<group>"; };
		B1C2D3E4F5A607080910AABF /* ExtraLargeWidgetView.swift */ = {isa = PBXFileReference; includeInIndex = 1; lastKnownFileType = sourcecode.swift; path = ExtraLargeWidgetView.swift; sourceTree = "<group>"; };
		B1C2D3E4F5A607080910AAC0 /* CAL0q34ScenarioTests.swift */ = {isa = PBXFileReference; includeInIndex = 1; lastKnownFileType = sourcecode.swift; path = CAL0q34ScenarioTests.swift; sourceTree = "<group>"; };
		CF1B2C3D4E5F6A7B8C9D0E1F /* CAL0q37ScenarioTests.swift */ = {isa = PBXFileReference; includeInIndex = 1; lastKnownFileType = sourcecode.swift; path = CAL0q37ScenarioTests.swift; sourceTree = "<group>"; };
		DF1B2C3D4E5F6A7B8C9D0E1F /* CAL0q36ScenarioTests.swift */ = {isa = PBXFileReference; includeInIndex = 1; lastKnownFileType = sourcecode.swift; path = CAL0q36ScenarioTests.swift; sourceTree = "<group>"; };
	/* End PBXFileReference section */

/* Begin PBXFrameworksBuildPhase section */
		132BDFEBC47EA322AA96A58F /* Frameworks */ = {
			isa = PBXFrameworksBuildPhase;
			buildActionMask = 2147483647;
			files = (
				5331DABF246087AAA9222708 /* Foundation.framework in Frameworks */,
			);
			runOnlyForDeploymentPostprocessing = 0;
		};
		217322061DF1BB131422026A /* Frameworks */ = {
			isa = PBXFrameworksBuildPhase;
			buildActionMask = 2147483647;
			files = (
				FD530F06216062B6D8A3758D /* Foundation.framework in Frameworks */,
			);
			runOnlyForDeploymentPostprocessing = 0;
		};
		7ED56E400945071BF67790F1 /* Frameworks */ = {
			isa = PBXFrameworksBuildPhase;
			buildActionMask = 2147483647;
			files = (
				B9B4C1B05E97802C88147447 /* Foundation.framework in Frameworks */,
			);
			runOnlyForDeploymentPostprocessing = 0;
		};
/* End PBXFrameworksBuildPhase section */

/* Begin PBXGroup section */
		27C1901E212F6DD7D9D04799 /* Products */ = {
			isa = PBXGroup;
			children = (
				F714B02BC1F07883D4B273B6 /* Calendario.app */,
				D30B1406E1503531D5CEE812 /* CalendarioWidget.appex */,
				069C3B3DDC7227969DB385A2 /* CalendarioTests.xctest */,
				AA2B3C4D5E6F7A8B9C0D1E2F /* CalendarioUITests.xctest */,
			);
			name = Products;
			sourceTree = "<group>";
		};
		FF2B3C4D5E6F7A8B9C0D1E2F /* CalendarioUITests */ = {
			isa = PBXGroup;
			children = (
				AB4B3C4D5E6F7A8B9C0D1E2F /* CAL0q31UITests.swift */,
				CD4B3C4D5E6F7A8B9C0D1E2F /* CAL0q32UITests.swift */,
			);
			name = CalendarioUITests;
			path = ../CalendarioUITests;
			sourceTree = "<group>";
		};
		3AFDA4F1BA745D9CA30E6660 /* CalendarioTests */ = {
			isa = PBXGroup;
			children = (
				14230672672F95C1E9D9C0CD /* CALsue1ScenarioTests.swift */,
				E7A3F9B2C0D14E8AB1234567 /* CALsue3ScenarioTests.swift */,
			CC1B2C3D4E5F6A7B8C9D0E1F /* CALsue4ScenarioTests.swift */,
				F6A7B8C9D0E1F2A3B4C5D6E7 /* CAL0q31ScenarioTests.swift */,
				A91B2C3D4E5F6A7B8C9D0E1F /* CAL0q35ScenarioTests.swift */,
				AE1B2C3D4E5F6A7B8C9D0E1F /* CAL0q32ScenarioTests.swift */,
				1E2F3A4B5C6D7E8F9A0B1C2D /* CAL0q33ScenarioTests.swift */,
				B1C2D3E4F5A607080910AAC0 /* CAL0q34ScenarioTests.swift */,
				CF1B2C3D4E5F6A7B8C9D0E1F /* CAL0q37ScenarioTests.swift */,
			DF1B2C3D4E5F6A7B8C9D0E1F /* CAL0q36ScenarioTests.swift */,
			);
			name = CalendarioTests;
			path = ../CalendarioTests;
			sourceTree = "<group>";
		};
		5C8B7D08CAB3A5214737418E /* Shared */ = {
			isa = PBXGroup;
			children = (
				A3FD4EEAC6107E77BFB874AC /* SharedConstants.swift */,
				7E91D61BE49A4FBE95D4B1D1 /* Models.swift */,
				9B771D8BD9BD4F5C8D94D565 /* WidgetConfigStore.swift */,
			);
			name = Shared;
			path = Shared;
			sourceTree = "<group>";
		};
		86CA69564B466FD4BC5194AB /* Frameworks */ = {
			isa = PBXGroup;
			children = (
				D86EA7289963471196FF2E66 /* iOS */,
			);
			name = Frameworks;
			sourceTree = "<group>";
		};
		BCAE217A7938B32D867B7AD7 /* Products */ = {
			isa = PBXGroup;
			children = (
				F714B02BC1F07883D4B273B6 /* Calendario.app */,
				D30B1406E1503531D5CEE812 /* CalendarioWidget.appex */,
				069C3B3DDC7227969DB385A2 /* CalendarioTests.xctest */,
				AA2B3C4D5E6F7A8B9C0D1E2F /* CalendarioUITests.xctest */,
			);
			name = Products;
			sourceTree = "<group>";
		};
		D86EA7289963471196FF2E66 /* iOS */ = {
			isa = PBXGroup;
			children = (
				55FBC385BF6EEC4C9A65CDCA /* Foundation.framework */,
			);
			name = iOS;
			sourceTree = "<group>";
		};
		EECD931358C996AD251310D0 /* Calendario */ = {
			isa = PBXGroup;
			children = (
				560609AFF0F9B04159E5A397 /* CalendarioApp.swift */,
				FF8F60F6E225C5E41D3E4392 /* ContentView.swift */,
				B1C2D3E4F5A6B7C8D9E0F1A2 /* ConfigListView.swift */,
				D4E5F6A7B8C9D0E1F2A3B4C5 /* ConfigFormView.swift */,
				AC1B2C3D4E5F6A7B8C9D0E1F /* CalendarPermissionManager.swift */,
				EA98274D0106940E806C5673 /* Calendario.entitlements */,
			);
			name = Calendario;
			path = CalendarioApp;
			sourceTree = "<group>";
		};
		C1D2E3F4A5B607080910AABB /* WidgetViews */ = {
			isa = PBXGroup;
			children = (
				B1C2D3E4F5A607080910AABB /* EventRowView.swift */,
				B1C2D3E4F5A607080910AABC /* SmallWidgetView.swift */,
				B1C2D3E4F5A607080910AABD /* MediumWidgetView.swift */,
				B1C2D3E4F5A607080910AABE /* LargeWidgetView.swift */,
				B1C2D3E4F5A607080910AABF /* ExtraLargeWidgetView.swift */,
			);
			name = WidgetViews;
			path = WidgetViews;
			sourceTree = "<group>";
		};
		EF4EA9DE894EF1E8C4A7BDFB /* CalendarioWidget */ = {
			isa = PBXGroup;
			children = (
				A833F7ED49112F4C0D14B7CE /* CalendarioWidget.swift */,
			AA1B2C3D4E5F6A7B8C9D0E1F /* WidgetConfigEntity.swift */,
			BB1B2C3D4E5F6A7B8C9D0E1F /* ConfigurationAppIntent.swift */,
				AE2B3C4D5E6F7A8B9C0D1E2F /* EventFetcher.swift */,
				CD1B2C3D4E5F6A7B8C9D0E1F /* CalendarEntry.swift */,
				8FCC5C9656F6DA0D3F495E27 /* CalendarioWidgetBundle.swift */,
				810B3796140E31165F4C22A3 /* Info.plist */,
				2C0DD4B4C9CE111FAFC680C9 /* CalendarioWidget.entitlements */,
				C1D2E3F4A5B607080910AABB /* WidgetViews */,
			);
			name = CalendarioWidget;
			path = CalendarioWidget;
			sourceTree = "<group>";
		};
		F4258E673FBBD456A52284CD = {
			isa = PBXGroup;
			children = (
				BCAE217A7938B32D867B7AD7 /* Products */,
				86CA69564B466FD4BC5194AB /* Frameworks */,
				EECD931358C996AD251310D0 /* Calendario */,
				5C8B7D08CAB3A5214737418E /* Shared */,
				EF4EA9DE894EF1E8C4A7BDFB /* CalendarioWidget */,
				3AFDA4F1BA745D9CA30E6660 /* CalendarioTests */,
				FF2B3C4D5E6F7A8B9C0D1E2F /* CalendarioUITests */,
				27C1901E212F6DD7D9D04799 /* Products */,
			);
			sourceTree = "<group>";
		};
/* End PBXGroup section */

/* Begin PBXNativeTarget section */
		556A156F78AF513A03214F91 /* Calendario */ = {
			isa = PBXNativeTarget;
			buildConfigurationList = 0B6F638507797F8BFED617FB /* Build configuration list for PBXNativeTarget "Calendario" */;
			buildPhases = (
				46F017FD249ABD3DD787AABE /* Sources */,
				217322061DF1BB131422026A /* Frameworks */,
				5ABDC980954570874B745C90 /* Resources */,
				70311E321CA6B8B630E55F09 /* Embed Foundation Extensions */,
			);
			buildRules = (
			);
			dependencies = (
			);
			name = Calendario;
			productName = Calendario;
			productReference = F714B02BC1F07883D4B273B6 /* Calendario.app */;
			productType = "com.apple.product-type.application";
		};
		635329BCBE862208F7841FCD /* CalendarioWidget */ = {
			isa = PBXNativeTarget;
			buildConfigurationList = 91AF328C6A67EFD34A10AA19 /* Build configuration list for PBXNativeTarget "CalendarioWidget" */;
			buildPhases = (
				FBC61E38CEA3D1DB417477C1 /* Sources */,
				7ED56E400945071BF67790F1 /* Frameworks */,
				6EAD1AFC30BDE69415735577 /* Resources */,
			);
			buildRules = (
			);
			dependencies = (
			);
			name = CalendarioWidget;
			productName = CalendarioWidget;
			productReference = D30B1406E1503531D5CEE812 /* CalendarioWidget.appex */;
			productType = "com.apple.product-type.app-extension";
		};
		A1431B97A797D5F4D9C4ACE3 /* CalendarioTests */ = {
			isa = PBXNativeTarget;
			buildConfigurationList = FA1C89C3C6E4AD99CBC7547D /* Build configuration list for PBXNativeTarget "CalendarioTests" */;
			buildPhases = (
				57B6B87FF3BDB1478BE04B49 /* Sources */,
				132BDFEBC47EA322AA96A58F /* Frameworks */,
				C58AB869E7773CAE0BFB0ECE /* Resources */,
			);
			buildRules = (
			);
			dependencies = (
				C8312E446AA2184C599E8EA7 /* PBXTargetDependency */,
			);
			name = CalendarioTests;
			productName = CalendarioTests;
			productReference = 069C3B3DDC7227969DB385A2 /* CalendarioTests.xctest */;
			productType = "com.apple.product-type.bundle.unit-test";
		};
		BB2B3C4D5E6F7A8B9C0D1E2F /* CalendarioUITests */ = {
			isa = PBXNativeTarget;
			buildConfigurationList = AA3B3C4D5E6F7A8B9C0D1E2F /* Build configuration list for PBXNativeTarget "CalendarioUITests" */;
			buildPhases = (
				CC2B3C4D5E6F7A8B9C0D1E2F /* Sources */,
				DD2B3C4D5E6F7A8B9C0D1E2F /* Frameworks */,
				EE2B3C4D5E6F7A8B9C0D1E2F /* Resources */,
			);
			buildRules = (
			);
			dependencies = (
				EE3B3C4D5E6F7A8B9C0D1E2F /* PBXTargetDependency */,
			);
			name = CalendarioUITests;
			productName = CalendarioUITests;
			productReference = AA2B3C4D5E6F7A8B9C0D1E2F /* CalendarioUITests.xctest */;
			productType = "com.apple.product-type.bundle.ui-testing";
		};
/* End PBXNativeTarget section */

/* Begin PBXProject section */
		068E1379B70C995A4276612B /* Project object */ = {
			isa = PBXProject;
			attributes = {
				LastSwiftUpdateCheck = 1600;
				LastUpgradeCheck = 1600;
			};
			buildConfigurationList = 0B850D781184BE70C8CBD67B /* Build configuration list for PBXProject "Calendario" */;
			compatibilityVersion = "Xcode 3.2";
			developmentRegion = en;
			hasScannedForEncodings = 0;
			knownRegions = (
				en,
				Base,
			);
			mainGroup = F4258E673FBBD456A52284CD;
			minimizedProjectReferenceProxies = 0;
			preferredProjectObjectVersion = 77;
			productRefGroup = BCAE217A7938B32D867B7AD7 /* Products */;
			projectDirPath = "";
			projectRoot = "";
			targets = (
				556A156F78AF513A03214F91 /* Calendario */,
				635329BCBE862208F7841FCD /* CalendarioWidget */,
				A1431B97A797D5F4D9C4ACE3 /* CalendarioTests */,
				BB2B3C4D5E6F7A8B9C0D1E2F /* CalendarioUITests */,
			);
		};
/* End PBXProject section */

/* Begin PBXFrameworksBuildPhase section (UITests) */
		DD2B3C4D5E6F7A8B9C0D1E2F /* Frameworks */ = {
			isa = PBXFrameworksBuildPhase;
			buildActionMask = 2147483647;
			files = (
			);
			runOnlyForDeploymentPostprocessing = 0;
		};
/* End PBXFrameworksBuildPhase section (UITests) */

/* Begin PBXResourcesBuildPhase section */
		5ABDC980954570874B745C90 /* Resources */ = {
			isa = PBXResourcesBuildPhase;
			buildActionMask = 2147483647;
			files = (
			);
			runOnlyForDeploymentPostprocessing = 0;
		};
		6EAD1AFC30BDE69415735577 /* Resources */ = {
			isa = PBXResourcesBuildPhase;
			buildActionMask = 2147483647;
			files = (
			);
			runOnlyForDeploymentPostprocessing = 0;
		};
		C58AB869E7773CAE0BFB0ECE /* Resources */ = {
			isa = PBXResourcesBuildPhase;
			buildActionMask = 2147483647;
			files = (
			);
			runOnlyForDeploymentPostprocessing = 0;
		};
		EE2B3C4D5E6F7A8B9C0D1E2F /* Resources */ = {
			isa = PBXResourcesBuildPhase;
			buildActionMask = 2147483647;
			files = (
			);
			runOnlyForDeploymentPostprocessing = 0;
		};
/* End PBXResourcesBuildPhase section */

/* Begin PBXSourcesBuildPhase section */
		46F017FD249ABD3DD787AABE /* Sources */ = {
			isa = PBXSourcesBuildPhase;
			buildActionMask = 2147483647;
			files = (
				03A9624B3F37A6C9AD89E4D0 /* CalendarioApp.swift in Sources */,
				BB45DE5BB9F7912B175A2BD3 /* ContentView.swift in Sources */,
				6C04CA0D7C196782CCBA843D /* SharedConstants.swift in Sources */,
				C408DC4F69D2421DB01ADD2E /* Models.swift in Sources */,
				4AE59248DDC94ABDA4DE0F08 /* WidgetConfigStore.swift in Sources */,
				A1B2C3D4E5F6A7B8C9D0E1F2 /* ConfigListView.swift in Sources */,
				C3D4E5F6A7B8C9D0E1F2A3B4 /* ConfigFormView.swift in Sources */,
				BC1B2C3D4E5F6A7B8C9D0E1F /* CalendarPermissionManager.swift in Sources */,
			);
			runOnlyForDeploymentPostprocessing = 0;
		};
		57B6B87FF3BDB1478BE04B49 /* Sources */ = {
			isa = PBXSourcesBuildPhase;
			buildActionMask = 2147483647;
			files = (
				31E8DB2CC7C2A196C7ACCD98 /* CALsue1ScenarioTests.swift in Sources */,
				F9B2C0D14E8AB12345678901 /* CALsue3ScenarioTests.swift in Sources */,
				8F2A3B4C5D6E7F8A9B0C1D2E /* SharedConstants.swift in Sources */,
				102D4E2490184D3DB55BD642 /* Models.swift in Sources */,
				5E61BCAFDAE74F47B5AA5F6D /* WidgetConfigStore.swift in Sources */,
				FF1B2C3D4E5F6A7B8C9D0E1F /* CALsue4ScenarioTests.swift in Sources */,
				BE1B2C3D4E5F6A7B8C9D0E1F /* CAL0q37ScenarioTests.swift in Sources */,
				E5F6A7B8C9D0E1F2A3B4C5D6 /* CAL0q31ScenarioTests.swift in Sources */,
				B91B2C3D4E5F6A7B8C9D0E1F /* CAL0q35ScenarioTests.swift in Sources */,
				AD1B2C3D4E5F6A7B8C9D0E1F /* CAL0q32ScenarioTests.swift in Sources */,
				FD1B2C3D4E5F6A7B8C9D0E1F /* CAL0q33ScenarioTests.swift in Sources */,
				A1B2C3D4E5F6070809AABB06 /* CAL0q34ScenarioTests.swift in Sources */,
				EF1B2C3D4E5F6A7B8C9D0E1F /* CAL0q36ScenarioTests.swift in Sources */,
			);
			runOnlyForDeploymentPostprocessing = 0;
		};
		FBC61E38CEA3D1DB417477C1 /* Sources */ = {
			isa = PBXSourcesBuildPhase;
			buildActionMask = 2147483647;
			files = (
				D572C7375B8B4DB498E84482 /* SharedConstants.swift in Sources */,
				7A1E0CEBCF1DDF73D984D3F3 /* CalendarioWidget.swift in Sources */,
				7D2752B12FAD37D24D6DFEF3 /* CalendarioWidgetBundle.swift in Sources */,
				D6DFC736C9234080BC7AC35E /* Models.swift in Sources */,
				05B3D7656450415EB27078C0 /* WidgetConfigStore.swift in Sources */,
				DD1B2C3D4E5F6A7B8C9D0E1F /* WidgetConfigEntity.swift in Sources */,
				EE1B2C3D4E5F6A7B8C9D0E1F /* ConfigurationAppIntent.swift in Sources */,
				BD1B2C3D4E5F6A7B8C9D0E1F /* EventFetcher.swift in Sources */,
				ED1B2C3D4E5F6A7B8C9D0E1F /* CalendarEntry.swift in Sources */,
				A1B2C3D4E5F6070809AABB01 /* EventRowView.swift in Sources */,
				A1B2C3D4E5F6070809AABB02 /* SmallWidgetView.swift in Sources */,
				A1B2C3D4E5F6070809AABB03 /* MediumWidgetView.swift in Sources */,
				A1B2C3D4E5F6070809AABB04 /* LargeWidgetView.swift in Sources */,
				A1B2C3D4E5F6070809AABB05 /* ExtraLargeWidgetView.swift in Sources */,
			);
			runOnlyForDeploymentPostprocessing = 0;
		};
		CC2B3C4D5E6F7A8B9C0D1E2F /* Sources */ = {
			isa = PBXSourcesBuildPhase;
			buildActionMask = 2147483647;
			files = (
				AA4B3C4D5E6F7A8B9C0D1E2F /* CAL0q31UITests.swift in Sources */,
				CC4B3C4D5E6F7A8B9C0D1E2F /* CAL0q32UITests.swift in Sources */,
			);
			runOnlyForDeploymentPostprocessing = 0;
		};
/* End PBXSourcesBuildPhase section */

/* Begin PBXTargetDependency section */
		C8312E446AA2184C599E8EA7 /* PBXTargetDependency */ = {
			isa = PBXTargetDependency;
			name = Calendario;
			target = 556A156F78AF513A03214F91 /* Calendario */;
			targetProxy = 75E18FF2ADAFCD4E2B9F5157 /* PBXContainerItemProxy */;
		};
		EE3B3C4D5E6F7A8B9C0D1E2F /* PBXTargetDependency */ = {
			isa = PBXTargetDependency;
			name = Calendario;
			target = 556A156F78AF513A03214F91 /* Calendario */;
			targetProxy = DD3B3C4D5E6F7A8B9C0D1E2F /* PBXContainerItemProxy */;
		};
/* End PBXTargetDependency section */

/* Begin XCBuildConfiguration section */
		07085DD279F032C084C3EFD6 /* Debug */ = {
			isa = XCBuildConfiguration;
			buildSettings = {
				ASSETCATALOG_COMPILER_APPICON_NAME = AppIcon;
				ASSETCATALOG_COMPILER_GLOBAL_ACCENT_COLOR_NAME = AccentColor;
				CLANG_ENABLE_OBJC_WEAK = NO;
				CODE_SIGN_ENTITLEMENTS = CalendarioApp/Calendario.entitlements;
				CODE_SIGN_STYLE = Automatic;
				CURRENT_PROJECT_VERSION = 1;
				DEVELOPMENT_TEAM = VM3BNYCM22;
				ENABLE_PREVIEWS = YES;
				GENERATE_INFOPLIST_FILE = YES;
				INFOPLIST_KEY_NSCalendarsFullAccessUsageDescription = "Calendario necesita acceso a tus calendarios para mostrar tus eventos.";
				IPHONEOS_DEPLOYMENT_TARGET = 17.0;
				LD_RUNPATH_SEARCH_PATHS = "$(inherited) @executable_path/Frameworks";
				MARKETING_VERSION = 1.0;
				PRODUCT_BUNDLE_IDENTIFIER = com.ralcazar.calendario;
				SDKROOT = iphoneos;
				SWIFT_EMIT_LOC_STRINGS = YES;
				SWIFT_VERSION = 5.0;
				TARGETED_DEVICE_FAMILY = 1;
			};
			name = Debug;
		};
		3F33D2AECF9B9D1D715767A6 /* Debug */ = {
			isa = XCBuildConfiguration;
			buildSettings = {
				ALWAYS_SEARCH_USER_PATHS = NO;
				CLANG_ANALYZER_NONNULL = YES;
				CLANG_ANALYZER_NUMBER_OBJECT_CONVERSION = YES_AGGRESSIVE;
				CLANG_CXX_LANGUAGE_STANDARD = "gnu++14";
				CLANG_CXX_LIBRARY = "libc++";
				CLANG_ENABLE_MODULES = YES;
				CLANG_ENABLE_OBJC_ARC = YES;
				CLANG_ENABLE_OBJC_WEAK = YES;
				CLANG_WARN_BLOCK_CAPTURE_AUTORELEASING = YES;
				CLANG_WARN_BOOL_CONVERSION = YES;
				CLANG_WARN_COMMA = YES;
				CLANG_WARN_CONSTANT_CONVERSION = YES;
				CLANG_WARN_DEPRECATED_OBJC_IMPLEMENTATIONS = YES;
				CLANG_WARN_DIRECT_OBJC_ISA_USAGE = YES_ERROR;
				CLANG_WARN_DOCUMENTATION_COMMENTS = YES;
				CLANG_WARN_EMPTY_BODY = YES;
				CLANG_WARN_ENUM_CONVERSION = YES;
				CLANG_WARN_INFINITE_RECURSION = YES;
				CLANG_WARN_INT_CONVERSION = YES;
				CLANG_WARN_NON_LITERAL_NULL_CONVERSION = YES;
				CLANG_WARN_OBJC_IMPLICIT_RETAIN_SELF = YES;
				CLANG_WARN_OBJC_LITERAL_CONVERSION = YES;
				CLANG_WARN_OBJC_ROOT_CLASS = YES_ERROR;
				CLANG_WARN_QUOTED_INCLUDE_IN_FRAMEWORK_HEADER = YES;
				CLANG_WARN_RANGE_LOOP_ANALYSIS = YES;
				CLANG_WARN_STRICT_PROTOTYPES = YES;
				CLANG_WARN_SUSPICIOUS_MOVE = YES;
				CLANG_WARN_UNGUARDED_AVAILABILITY = YES_AGGRESSIVE;
				CLANG_WARN_UNREACHABLE_CODE = YES;
				CLANG_WARN__DUPLICATE_METHOD_MATCH = YES;
				COPY_PHASE_STRIP = NO;
				DEBUG_INFORMATION_FORMAT = dwarf;
				ENABLE_STRICT_OBJC_MSGSEND = YES;
				ENABLE_TESTABILITY = YES;
				GCC_C_LANGUAGE_STANDARD = gnu11;
				GCC_DYNAMIC_NO_PIC = NO;
				GCC_NO_COMMON_BLOCKS = YES;
				GCC_OPTIMIZATION_LEVEL = 0;
				GCC_PREPROCESSOR_DEFINITIONS = (
					"DEBUG=1",
					"$(inherited)",
				);
				GCC_WARN_64_TO_32_BIT_CONVERSION = YES;
				GCC_WARN_ABOUT_RETURN_TYPE = YES_ERROR;
				GCC_WARN_UNDECLARED_SELECTOR = YES;
				GCC_WARN_UNINITIALIZED_AUTOS = YES_AGGRESSIVE;
				GCC_WARN_UNUSED_FUNCTION = YES;
				GCC_WARN_UNUSED_VARIABLE = YES;
				MTL_ENABLE_DEBUG_INFO = INCLUDE_SOURCE;
				MTL_FAST_MATH = YES;
				ONLY_ACTIVE_ARCH = YES;
				PRODUCT_NAME = "$(TARGET_NAME)";
				SWIFT_ACTIVE_COMPILATION_CONDITIONS = DEBUG;
				SWIFT_OPTIMIZATION_LEVEL = "-Onone";
				SWIFT_VERSION = 5.0;
			};
			name = Debug;
		};
		4651CE0E431CF5B778F3701D /* Release */ = {
			isa = XCBuildConfiguration;
			buildSettings = {
				BUNDLE_LOADER = "$(TEST_HOST)";
				CLANG_ENABLE_OBJC_WEAK = NO;
				CODE_SIGN_STYLE = Automatic;
				DEVELOPMENT_TEAM = VM3BNYCM22;
				GENERATE_INFOPLIST_FILE = YES;
				IPHONEOS_DEPLOYMENT_TARGET = 17.0;
				PRODUCT_BUNDLE_IDENTIFIER = com.ralcazar.calendarioTests;
				SDKROOT = iphoneos;
				SWIFT_VERSION = 5.0;
				TEST_HOST = "$(BUILT_PRODUCTS_DIR)/Calendario.app/$(BUNDLE_EXECUTABLE_FOLDER_PATH)/Calendario";
				VALIDATE_PRODUCT = YES;
			};
			name = Release;
		};
		6143060DB62503CD8779DE72 /* Release */ = {
			isa = XCBuildConfiguration;
			buildSettings = {
				ASSETCATALOG_COMPILER_APPICON_NAME = AppIcon;
				ASSETCATALOG_COMPILER_GLOBAL_ACCENT_COLOR_NAME = AccentColor;
				CLANG_ENABLE_OBJC_WEAK = NO;
				CODE_SIGN_ENTITLEMENTS = CalendarioApp/Calendario.entitlements;
				CODE_SIGN_STYLE = Automatic;
				CURRENT_PROJECT_VERSION = 1;
				DEVELOPMENT_TEAM = VM3BNYCM22;
				ENABLE_PREVIEWS = YES;
				GENERATE_INFOPLIST_FILE = YES;
				INFOPLIST_KEY_NSCalendarsFullAccessUsageDescription = "Calendario necesita acceso a tus calendarios para mostrar tus eventos.";
				IPHONEOS_DEPLOYMENT_TARGET = 17.0;
				LD_RUNPATH_SEARCH_PATHS = "$(inherited) @executable_path/Frameworks";
				MARKETING_VERSION = 1.0;
				PRODUCT_BUNDLE_IDENTIFIER = com.ralcazar.calendario;
				SDKROOT = iphoneos;
				SWIFT_EMIT_LOC_STRINGS = YES;
				SWIFT_VERSION = 5.0;
				TARGETED_DEVICE_FAMILY = 1;
				VALIDATE_PRODUCT = YES;
			};
			name = Release;
		};
		64BEE0299B961949ED87C836 /* Release */ = {
			isa = XCBuildConfiguration;
			buildSettings = {
				APPLICATION_EXTENSION_API_ONLY = YES;
				CLANG_ENABLE_OBJC_WEAK = NO;
				CODE_SIGN_ENTITLEMENTS = CalendarioWidget/CalendarioWidget.entitlements;
				CODE_SIGN_STYLE = Automatic;
				CURRENT_PROJECT_VERSION = 1;
				DEVELOPMENT_TEAM = VM3BNYCM22;
				INFOPLIST_FILE = CalendarioWidget/Info.plist;
				IPHONEOS_DEPLOYMENT_TARGET = 17.0;
				LD_RUNPATH_SEARCH_PATHS = "$(inherited) @executable_path/Frameworks @executable_path/../../Frameworks";
				MARKETING_VERSION = 1.0;
				PRODUCT_BUNDLE_IDENTIFIER = com.ralcazar.calendario.widget;
				SDKROOT = iphoneos;
				SWIFT_VERSION = 5.0;
				TARGETED_DEVICE_FAMILY = 1;
				VALIDATE_PRODUCT = YES;
			};
			name = Release;
		};
		7C0DC3A0F56AE93406345595 /* Release */ = {
			isa = XCBuildConfiguration;
			buildSettings = {
				ALWAYS_SEARCH_USER_PATHS = NO;
				CLANG_ANALYZER_NONNULL = YES;
				CLANG_ANALYZER_NUMBER_OBJECT_CONVERSION = YES_AGGRESSIVE;
				CLANG_CXX_LANGUAGE_STANDARD = "gnu++14";
				CLANG_CXX_LIBRARY = "libc++";
				CLANG_ENABLE_MODULES = YES;
				CLANG_ENABLE_OBJC_ARC = YES;
				CLANG_ENABLE_OBJC_WEAK = YES;
				CLANG_WARN_BLOCK_CAPTURE_AUTORELEASING = YES;
				CLANG_WARN_BOOL_CONVERSION = YES;
				CLANG_WARN_COMMA = YES;
				CLANG_WARN_CONSTANT_CONVERSION = YES;
				CLANG_WARN_DEPRECATED_OBJC_IMPLEMENTATIONS = YES;
				CLANG_WARN_DIRECT_OBJC_ISA_USAGE = YES_ERROR;
				CLANG_WARN_DOCUMENTATION_COMMENTS = YES;
				CLANG_WARN_EMPTY_BODY = YES;
				CLANG_WARN_ENUM_CONVERSION = YES;
				CLANG_WARN_INFINITE_RECURSION = YES;
				CLANG_WARN_INT_CONVERSION = YES;
				CLANG_WARN_NON_LITERAL_NULL_CONVERSION = YES;
				CLANG_WARN_OBJC_IMPLICIT_RETAIN_SELF = YES;
				CLANG_WARN_OBJC_LITERAL_CONVERSION = YES;
				CLANG_WARN_OBJC_ROOT_CLASS = YES_ERROR;
				CLANG_WARN_QUOTED_INCLUDE_IN_FRAMEWORK_HEADER = YES;
				CLANG_WARN_RANGE_LOOP_ANALYSIS = YES;
				CLANG_WARN_STRICT_PROTOTYPES = YES;
				CLANG_WARN_SUSPICIOUS_MOVE = YES;
				CLANG_WARN_UNGUARDED_AVAILABILITY = YES_AGGRESSIVE;
				CLANG_WARN_UNREACHABLE_CODE = YES;
				CLANG_WARN__DUPLICATE_METHOD_MATCH = YES;
				COPY_PHASE_STRIP = NO;
				DEBUG_INFORMATION_FORMAT = "dwarf-with-dsym";
				ENABLE_NS_ASSERTIONS = NO;
				ENABLE_STRICT_OBJC_MSGSEND = YES;
				GCC_C_LANGUAGE_STANDARD = gnu11;
				GCC_NO_COMMON_BLOCKS = YES;
				GCC_WARN_64_TO_32_BIT_CONVERSION = YES;
				GCC_WARN_ABOUT_RETURN_TYPE = YES_ERROR;
				GCC_WARN_UNDECLARED_SELECTOR = YES;
				GCC_WARN_UNINITIALIZED_AUTOS = YES_AGGRESSIVE;
				GCC_WARN_UNUSED_FUNCTION = YES;
				GCC_WARN_UNUSED_VARIABLE = YES;
				MTL_ENABLE_DEBUG_INFO = NO;
				MTL_FAST_MATH = YES;
				PRODUCT_NAME = "$(TARGET_NAME)";
				SWIFT_COMPILATION_MODE = wholemodule;
				SWIFT_OPTIMIZATION_LEVEL = "-O";
				SWIFT_VERSION = 5.0;
			};
			name = Release;
		};
		BDD6808A200F7F312EFB163F /* Debug */ = {
			isa = XCBuildConfiguration;
			buildSettings = {
				APPLICATION_EXTENSION_API_ONLY = YES;
				CLANG_ENABLE_OBJC_WEAK = NO;
				CODE_SIGN_ENTITLEMENTS = CalendarioWidget/CalendarioWidget.entitlements;
				CODE_SIGN_STYLE = Automatic;
				CURRENT_PROJECT_VERSION = 1;
				DEVELOPMENT_TEAM = VM3BNYCM22;
				INFOPLIST_FILE = CalendarioWidget/Info.plist;
				IPHONEOS_DEPLOYMENT_TARGET = 17.0;
				LD_RUNPATH_SEARCH_PATHS = "$(inherited) @executable_path/Frameworks @executable_path/../../Frameworks";
				MARKETING_VERSION = 1.0;
				PRODUCT_BUNDLE_IDENTIFIER = com.ralcazar.calendario.widget;
				SDKROOT = iphoneos;
				SWIFT_VERSION = 5.0;
				TARGETED_DEVICE_FAMILY = 1;
			};
			name = Debug;
		};
		EADDCE35CB29A288FE28AF81 /* Debug */ = {
			isa = XCBuildConfiguration;
			buildSettings = {
				BUNDLE_LOADER = "$(TEST_HOST)";
				CLANG_ENABLE_OBJC_WEAK = NO;
				CODE_SIGN_STYLE = Automatic;
				DEVELOPMENT_TEAM = VM3BNYCM22;
				GENERATE_INFOPLIST_FILE = YES;
				IPHONEOS_DEPLOYMENT_TARGET = 17.0;
				PRODUCT_BUNDLE_IDENTIFIER = com.ralcazar.calendarioTests;
				SDKROOT = iphoneos;
				SWIFT_VERSION = 5.0;
				TEST_HOST = "$(BUILT_PRODUCTS_DIR)/Calendario.app/$(BUNDLE_EXECUTABLE_FOLDER_PATH)/Calendario";
			};
			name = Debug;
		};
		BB3B3C4D5E6F7A8B9C0D1E2F /* Debug */ = {
			isa = XCBuildConfiguration;
			buildSettings = {
				CLANG_ENABLE_OBJC_WEAK = NO;
				CODE_SIGN_STYLE = Automatic;
				DEVELOPMENT_TEAM = VM3BNYCM22;
				GENERATE_INFOPLIST_FILE = YES;
				IPHONEOS_DEPLOYMENT_TARGET = 17.0;
				PRODUCT_BUNDLE_IDENTIFIER = com.ralcazar.calendarioUITests;
				SDKROOT = iphoneos;
				SWIFT_VERSION = 5.0;
				TEST_TARGET_NAME = Calendario;
			};
			name = Debug;
		};
		CC3B3C4D5E6F7A8B9C0D1E2F /* Release */ = {
			isa = XCBuildConfiguration;
			buildSettings = {
				CLANG_ENABLE_OBJC_WEAK = NO;
				CODE_SIGN_STYLE = Automatic;
				DEVELOPMENT_TEAM = VM3BNYCM22;
				GENERATE_INFOPLIST_FILE = YES;
				IPHONEOS_DEPLOYMENT_TARGET = 17.0;
				PRODUCT_BUNDLE_IDENTIFIER = com.ralcazar.calendarioUITests;
				SDKROOT = iphoneos;
				SWIFT_VERSION = 5.0;
				TEST_TARGET_NAME = Calendario;
				VALIDATE_PRODUCT = YES;
			};
			name = Release;
		};
/* End XCBuildConfiguration section */

/* Begin XCConfigurationList section */
		0B6F638507797F8BFED617FB /* Build configuration list for PBXNativeTarget "Calendario" */ = {
			isa = XCConfigurationList;
			buildConfigurations = (
				6143060DB62503CD8779DE72 /* Release */,
				07085DD279F032C084C3EFD6 /* Debug */,
			);
			defaultConfigurationIsVisible = 0;
			defaultConfigurationName = Release;
		};
		0B850D781184BE70C8CBD67B /* Build configuration list for PBXProject "Calendario" */ = {
			isa = XCConfigurationList;
			buildConfigurations = (
				3F33D2AECF9B9D1D715767A6 /* Debug */,
				7C0DC3A0F56AE93406345595 /* Release */,
			);
			defaultConfigurationIsVisible = 0;
			defaultConfigurationName = Release;
		};
		91AF328C6A67EFD34A10AA19 /* Build configuration list for PBXNativeTarget "CalendarioWidget" */ = {
			isa = XCConfigurationList;
			buildConfigurations = (
				64BEE0299B961949ED87C836 /* Release */,
				BDD6808A200F7F312EFB163F /* Debug */,
			);
			defaultConfigurationIsVisible = 0;
			defaultConfigurationName = Release;
		};
		FA1C89C3C6E4AD99CBC7547D /* Build configuration list for PBXNativeTarget "CalendarioTests" */ = {
			isa = XCConfigurationList;
			buildConfigurations = (
				4651CE0E431CF5B778F3701D /* Release */,
				EADDCE35CB29A288FE28AF81 /* Debug */,
			);
			defaultConfigurationIsVisible = 0;
			defaultConfigurationName = Release;
		};
		AA3B3C4D5E6F7A8B9C0D1E2F /* Build configuration list for PBXNativeTarget "CalendarioUITests" */ = {
			isa = XCConfigurationList;
			buildConfigurations = (
				CC3B3C4D5E6F7A8B9C0D1E2F /* Release */,
				BB3B3C4D5E6F7A8B9C0D1E2F /* Debug */,
			);
			defaultConfigurationIsVisible = 0;
			defaultConfigurationName = Release;
		};
/* End XCConfigurationList section */
	};
	rootObject = 068E1379B70C995A4276612B /* Project object */;
}
